
Microsoft Visual Studio Solution File, Format Version 12.00
# Visual Studio Version 17
VisualStudioVersion = 17.5.33502.453
MinimumVisualStudioVersion = 10.0.40219.1
Project("{FAE04EC0-301F-11D3-BF4B-00C04F79EFBC}") = "WpfApp3", "WpfApp3\WpfApp3.csproj", "{DC986E89-002B-4A12-9DEF-33AAE239268D}"
EndProject
Global
	GlobalSection(SolutionConfigurationPlatforms) = preSolution
		Debug|Any CPU = Debug|Any CPU
		Release|Any CPU = Release|Any CPU
	EndGlobalSection
	GlobalSection(ProjectConfigurationPlatforms) = postSolution
		{DC986E89-002B-4A12-9DEF-33AAE239268D}.Debug|Any CPU.ActiveCfg = Debug|Any CPU
		{DC986E89-002B-4A12-9DEF-33AAE239268D}.Debug|Any CPU.Build.0 = Debug|Any CPU
		{DC986E89-002B-4A12-9DEF-33AAE239268D}.Release|Any CPU.ActiveCfg = Release|Any CPU
		{DC986E89-002B-4A12-9DEF-33AAE239268D}.Release|Any CPU.Build.0 = Release|Any CPU
	EndGlobalSection
	GlobalSection(SolutionProperties) = preSolution
		HideSolutionNode = FALSE
	EndGlobalSection
	GlobalSection(ExtensibilityGlobals) = postSolution
		SolutionGuid = {BEE9EA81-9108-4D64-9889-FBBC43082AEE}
	EndGlobalSection
EndGlobal
